
Microsoft Visual Studio Solution File, Format Version 12.00
# Visual Studio Version 17
VisualStudioVersion = 17.4.33205.214
MinimumVisualStudioVersion = 10.0.40219.1
Project("{FAE04EC0-301F-11D3-BF4B-00C04F79EFBC}") = "ConsoleApp1", "ConsoleApp1\ConsoleApp1.csproj", "{EA438289-2E72-466A-BC12-A667E4077F7D}"
EndProject
Global
	GlobalSection(SolutionConfigurationPlatforms) = preSolution
		Debug|Any CPU = Debug|Any CPU
		Release|Any CPU = Release|Any CPU
	EndGlobalSection
	GlobalSection(ProjectConfigurationPlatforms) = postSolution
		{EA438289-2E72-466A-BC12-A667E4077F7D}.Debug|Any CPU.ActiveCfg = Debug|Any CPU
		{EA438289-2E72-466A-BC12-A667E4077F7D}.Debug|Any CPU.Build.0 = Debug|Any CPU
		{EA438289-2E72-466A-BC12-A667E4077F7D}.Release|Any CPU.ActiveCfg = Release|Any CPU
		{EA438289-2E72-466A-BC12-A667E4077F7D}.Release|Any CPU.Build.0 = Release|Any CPU
	EndGlobalSection
	GlobalSection(SolutionProperties) = preSolution
		HideSolutionNode = FALSE
	EndGlobalSection
	GlobalSection(ExtensibilityGlobals) = postSolution
		SolutionGuid = {177ABFE7-0DEA-4E21-839A-CB056764C15C}
	EndGlobalSection
EndGlobal
